
Microsoft Visual Studio Solution File, Format Version 11.00
# Visual Web Developer Express 2010
Project("{FAE04EC0-301F-11D3-BF4B-00C04F79EFBC}") = "EmagineServer", "EmagineServer\EmagineServer.csproj", "{99EDC5D2-E3C5-49DD-90AD-1E8F6283C389}"
EndProject
Global
	GlobalSection(SolutionConfigurationPlatforms) = preSolution
		Debug|Any CPU = Debug|Any CPU
		Release|Any CPU = Release|Any CPU
	EndGlobalSection
	GlobalSection(ProjectConfigurationPlatforms) = postSolution
		{99EDC5D2-E3C5-49DD-90AD-1E8F6283C389}.Debug|Any CPU.ActiveCfg = Debug|Any CPU
		{99EDC5D2-E3C5-49DD-90AD-1E8F6283C389}.Debug|Any CPU.Build.0 = Debug|Any CPU
		{99EDC5D2-E3C5-49DD-90AD-1E8F6283C389}.Release|Any CPU.ActiveCfg = Release|Any CPU
		{99EDC5D2-E3C5-49DD-90AD-1E8F6283C389}.Release|Any CPU.Build.0 = Release|Any CPU
	EndGlobalSection
	GlobalSection(SolutionProperties) = preSolution
		HideSolutionNode = FALSE
	EndGlobalSection
EndGlobal
